// !$*UTF8*$!
{
	archiveVersion = 1;
	classes = {
	};
	objectVersion = 46;
	objects = {

/* Begin PBXBuildFile section */
		B2815209150BD41300B1E847 /* UIKit.framework in Frameworks */ = {isa = PBXBuildFile; fileRef = B2815208150BD41300B1E847 /* UIKit.framework */; };
		B281520B150BD41300B1E847 /* Foundation.framework in Frameworks */ = {isa = PBXBuildFile; fileRef = B281520A150BD41300B1E847 /* Foundation.framework */; };
		B281520D150BD41300B1E847 /* CoreGraphics.framework in Frameworks */ = {isa = PBXBuildFile; fileRef = B281520C150BD41300B1E847 /* CoreGraphics.framework */; };
		B2815213150BD41300B1E847 /* InfoPlist.strings in Resources */ = {isa = PBXBuildFile; fileRef = B2815211150BD41300B1E847 /* InfoPlist.strings */; };
		B2815215150BD41300B1E847 /* main.m in Sources */ = {isa = PBXBuildFile; fileRef = B2815214150BD41300B1E847 /* main.m */; };
		B2815219150BD41300B1E847 /* AppDelegate.m in Sources */ = {isa = PBXBuildFile; fileRef = B2815218150BD41300B1E847 /* AppDelegate.m */; };
		B281521C150BD41300B1E847 /* ViewController.m in Sources */ = {isa = PBXBuildFile; fileRef = B281521B150BD41300B1E847 /* ViewController.m */; };
		B281521F150BD41300B1E847 /* ViewController.xib in Resources */ = {isa = PBXBuildFile; fileRef = B281521D150BD41300B1E847 /* ViewController.xib */; };
		B2815228150BD4D700B1E847 /* CFNetwork.framework in Frameworks */ = {isa = PBXBuildFile; fileRef = B2815227150BD4D700B1E847 /* CFNetwork.framework */; };
		B281522A150BD4E500B1E847 /* SystemConfiguration.framework in Frameworks */ = {isa = PBXBuildFile; fileRef = B2815229150BD4E500B1E847 /* SystemConfiguration.framework */; };
		B281522C150BD4F400B1E847 /* MobileCoreServices.framework in Frameworks */ = {isa = PBXBuildFile; fileRef = B281522B150BD4F400B1E847 /* MobileCoreServices.framework */; };
		B281522E150BD50D00B1E847 /* libz.dylib in Frameworks */ = {isa = PBXBuildFile; fileRef = B281522D150BD50D00B1E847 /* libz.dylib */; };
		B2815245150BD55400B1E847 /* ASIAuthenticationDialog.m in Sources */ = {isa = PBXBuildFile; fileRef = B2815230150BD55400B1E847 /* ASIAuthenticationDialog.m */; };
		B2815246150BD55400B1E847 /* ASIDataCompressor.m in Sources */ = {isa = PBXBuildFile; fileRef = B2815233150BD55400B1E847 /* ASIDataCompressor.m */; };
		B2815247150BD55400B1E847 /* ASIDataDecompressor.m in Sources */ = {isa = PBXBuildFile; fileRef = B2815235150BD55400B1E847 /* ASIDataDecompressor.m */; };
		B2815248150BD55400B1E847 /* ASIDownloadCache.m in Sources */ = {isa = PBXBuildFile; fileRef = B2815237150BD55400B1E847 /* ASIDownloadCache.m */; };
		B2815249150BD55400B1E847 /* ASIFormDataRequest.m in Sources */ = {isa = PBXBuildFile; fileRef = B2815239150BD55400B1E847 /* ASIFormDataRequest.m */; };
		B281524A150BD55400B1E847 /* ASIHTTPRequest.m in Sources */ = {isa = PBXBuildFile; fileRef = B281523B150BD55400B1E847 /* ASIHTTPRequest.m */; };
		B281524B150BD55400B1E847 /* ASIInputStream.m in Sources */ = {isa = PBXBuildFile; fileRef = B281523F150BD55400B1E847 /* ASIInputStream.m */; };
		B281524C150BD55400B1E847 /* ASINetworkQueue.m in Sources */ = {isa = PBXBuildFile; fileRef = B2815241150BD55400B1E847 /* ASINetworkQueue.m */; };
		B281524D150BD55400B1E847 /* Reachability.m in Sources */ = {isa = PBXBuildFile; fileRef = B2815244150BD55400B1E847 /* Reachability.m */; };
/* End PBXBuildFile section */

/* Begin PBXFileReference section */
		B2815204150BD41300B1E847 /* HttpRequestTest2.app */ = {isa = PBXFileReference; explicitFileType = wrapper.application; includeInIndex = 0; path = HttpRequestTest2.app; sourceTree = BUILT_PRODUCTS_DIR; };
		B2815208150BD41300B1E847 /* UIKit.framework */ = {isa = PBXFileReference; lastKnownFileType = wrapper.framework; name = UIKit.framework; path = System/Library/Frameworks/UIKit.framework; sourceTree = SDKROOT; };
		B281520A150BD41300B1E847 /* Foundation.framework */ = {isa = PBXFileReference; lastKnownFileType = wrapper.framework; name = Foundation.framework; path = System/Library/Frameworks/Foundation.framework; sourceTree = SDKROOT; };
		B281520C150BD41300B1E847 /* CoreGraphics.framework */ = {isa = PBXFileReference; lastKnownFileType = wrapper.framework; name = CoreGraphics.framework; path = System/Library/Frameworks/CoreGraphics.framework; sourceTree = SDKROOT; };
		B2815210150BD41300B1E847 /* HttpRequestTest2-Info.plist */ = {isa = PBXFileReference; lastKnownFileType = text.plist.xml; path = "HttpRequestTest2-Info.plist"; sourceTree = "<group>"; };
		B2815212150BD41300B1E847 /* en */ = {isa = PBXFileReference; lastKnownFileType = text.plist.strings; name = en; path = en.lproj/InfoPlist.strings; sourceTree = "<group>"; };
		B2815214150BD41300B1E847 /* main.m */ = {isa = PBXFileReference; lastKnownFileType = sourcecode.c.objc; path = main.m; sourceTree = "<group>"; };
		B2815216150BD41300B1E847 /* HttpRequestTest2-Prefix.pch */ = {isa = PBXFileReference; lastKnownFileType = sourcecode.c.h; path = "HttpRequestTest2-Prefix.pch"; sourceTree = "<group>"; };
		B2815217150BD41300B1E847 /* AppDelegate.h */ = {isa = PBXFileReference; lastKnownFileType = sourcecode.c.h; path = AppDelegate.h; sourceTree = "<group>"; };
		B2815218150BD41300B1E847 /* AppDelegate.m */ = {isa = PBXFileReference; lastKnownFileType = sourcecode.c.objc; path = AppDelegate.m; sourceTree = "<group>"; };
		B281521A150BD41300B1E847 /* ViewController.h */ = {isa = PBXFileReference; lastKnownFileType = sourcecode.c.h; path = ViewController.h; sourceTree = "<group>"; };
		B281521B150BD41300B1E847 /* ViewController.m */ = {isa = PBXFileReference; lastKnownFileType = sourcecode.c.objc; path = ViewController.m; sourceTree = "<group>"; };
		B281521E150BD41300B1E847 /* en */ = {isa = PBXFileReference; lastKnownFileType = file.xib; name = en; path = en.lproj/ViewController.xib; sourceTree = "<group>"; };
		B2815227150BD4D700B1E847 /* CFNetwork.framework */ = {isa = PBXFileReference; lastKnownFileType = wrapper.framework; name = CFNetwork.framework; path = System/Library/Frameworks/CFNetwork.framework; sourceTree = SDKROOT; };
		B2815229150BD4E500B1E847 /* SystemConfiguration.framework */ = {isa = PBXFileReference; lastKnownFileType = wrapper.framework; name = SystemConfiguration.framework; path = System/Library/Frameworks/SystemConfiguration.framework; sourceTree = SDKROOT; };
		B281522B150BD4F400B1E847 /* MobileCoreServices.framework */ = {isa = PBXFileReference; lastKnownFileType = wrapper.framework; name = MobileCoreServices.framework; path = System/Library/Frameworks/MobileCoreServices.framework; sourceTree = SDKROOT; };
		B281522D150BD50D00B1E847 /* libz.dylib */ = {isa = PBXFileReference; lastKnownFileType = "compiled.mach-o.dylib"; name = libz.dylib; path = usr/lib/libz.dylib; sourceTree = SDKROOT; };
		B281522F150BD55400B1E847 /* ASIAuthenticationDialog.h */ = {isa = PBXFileReference; fileEncoding = 4; lastKnownFileType = sourcecode.c.h; name = ASIAuthenticationDialog.h; path = HttpRequestTest2/ASIHTTPRequest/ASIAuthenticationDialog.h; sourceTree = "<group>"; };
		B2815230150BD55400B1E847 /* ASIAuthenticationDialog.m */ = {isa = PBXFileReference; fileEncoding = 4; lastKnownFileType = sourcecode.c.objc; name = ASIAuthenticationDialog.m; path = HttpRequestTest2/ASIHTTPRequest/ASIAuthenticationDialog.m; sourceTree = "<group>"; };
		B2815231150BD55400B1E847 /* ASICacheDelegate.h */ = {isa = PBXFileReference; fileEncoding = 4; lastKnownFileType = sourcecode.c.h; name = ASICacheDelegate.h; path = HttpRequestTest2/ASIHTTPRequest/ASICacheDelegate.h; sourceTree = "<group>"; };
		B2815232150BD55400B1E847 /* ASIDataCompressor.h */ = {isa = PBXFileReference; fileEncoding = 4; lastKnownFileType = sourcecode.c.h; name = ASIDataCompressor.h; path = HttpRequestTest2/ASIHTTPRequest/ASIDataCompressor.h; sourceTree = "<group>"; };
		B2815233150BD55400B1E847 /* ASIDataCompressor.m */ = {isa = PBXFileReference; fileEncoding = 4; lastKnownFileType = sourcecode.c.objc; name = ASIDataCompressor.m; path = HttpRequestTest2/ASIHTTPRequest/ASIDataCompressor.m; sourceTree = "<group>"; };
		B2815234150BD55400B1E847 /* ASIDataDecompressor.h */ = {isa = PBXFileReference; fileEncoding = 4; lastKnownFileType = sourcecode.c.h; name = ASIDataDecompressor.h; path = HttpRequestTest2/ASIHTTPRequest/ASIDataDecompressor.h; sourceTree = "<group>"; };
		B2815235150BD55400B1E847 /* ASIDataDecompressor.m */ = {isa = PBXFileReference; fileEncoding = 4; lastKnownFileType = sourcecode.c.objc; name = ASIDataDecompressor.m; path = HttpRequestTest2/ASIHTTPRequest/ASIDataDecompressor.m; sourceTree = "<group>"; };
		B2815236150BD55400B1E847 /* ASIDownloadCache.h */ = {isa = PBXFileReference; fileEncoding = 4; lastKnownFileType = sourcecode.c.h; name = ASIDownloadCache.h; path = HttpRequestTest2/ASIHTTPRequest/ASIDownloadCache.h; sourceTree = "<group>"; };
		B2815237150BD55400B1E847 /* ASIDownloadCache.m */ = {isa = PBXFileReference; fileEncoding = 4; lastKnownFileType = sourcecode.c.objc; name = ASIDownloadCache.m; path = HttpRequestTest2/ASIHTTPRequest/ASIDownloadCache.m; sourceTree = "<group>"; };
		B2815238150BD55400B1E847 /* ASIFormDataRequest.h */ = {isa = PBXFileReference; fileEncoding = 4; lastKnownFileType = sourcecode.c.h; name = ASIFormDataRequest.h; path = HttpRequestTest2/ASIHTTPRequest/ASIFormDataRequest.h; sourceTree = "<group>"; };
		B2815239150BD55400B1E847 /* ASIFormDataRequest.m */ = {isa = PBXFileReference; fileEncoding = 4; lastKnownFileType = sourcecode.c.objc; name = ASIFormDataRequest.m; path = HttpRequestTest2/ASIHTTPRequest/ASIFormDataRequest.m; sourceTree = "<group>"; };
		B281523A150BD55400B1E847 /* ASIHTTPRequest.h */ = {isa = PBXFileReference; fileEncoding = 4; lastKnownFileType = sourcecode.c.h; name = ASIHTTPRequest.h; path = HttpRequestTest2/ASIHTTPRequest/ASIHTTPRequest.h; sourceTree = "<group>"; };
		B281523B150BD55400B1E847 /* ASIHTTPRequest.m */ = {isa = PBXFileReference; fileEncoding = 4; lastKnownFileType = sourcecode.c.objc; name = ASIHTTPRequest.m; path = HttpRequestTest2/ASIHTTPRequest/ASIHTTPRequest.m; sourceTree = "<group>"; };
		B281523C150BD55400B1E847 /* ASIHTTPRequestConfig.h */ = {isa = PBXFileReference; fileEncoding = 4; lastKnownFileType = sourcecode.c.h; name = ASIHTTPRequestConfig.h; path = HttpRequestTest2/ASIHTTPRequest/ASIHTTPRequestConfig.h; sourceTree = "<group>"; };
		B281523D150BD55400B1E847 /* ASIHTTPRequestDelegate.h */ = {isa = PBXFileReference; fileEncoding = 4; lastKnownFileType = sourcecode.c.h; name = ASIHTTPRequestDelegate.h; path = HttpRequestTest2/ASIHTTPRequest/ASIHTTPRequestDelegate.h; sourceTree = "<group>"; };
		B281523E150BD55400B1E847 /* ASIInputStream.h */ = {isa = PBXFileReference; fileEncoding = 4; lastKnownFileType = sourcecode.c.h; name = ASIInputStream.h; path = HttpRequestTest2/ASIHTTPRequest/ASIInputStream.h; sourceTree = "<group>"; };
		B281523F150BD55400B1E847 /* ASIInputStream.m */ = {isa = PBXFileReference; fileEncoding = 4; lastKnownFileType = sourcecode.c.objc; name = ASIInputStream.m; path = HttpRequestTest2/ASIHTTPRequest/ASIInputStream.m; sourceTree = "<group>"; };
		B2815240150BD55400B1E847 /* ASINetworkQueue.h */ = {isa = PBXFileReference; fileEncoding = 4; lastKnownFileType = sourcecode.c.h; name = ASINetworkQueue.h; path = HttpRequestTest2/ASIHTTPRequest/ASINetworkQueue.h; sourceTree = "<group>"; };
		B2815241150BD55400B1E847 /* ASINetworkQueue.m */ = {isa = PBXFileReference; fileEncoding = 4; lastKnownFileType = sourcecode.c.objc; name = ASINetworkQueue.m; path = HttpRequestTest2/ASIHTTPRequest/ASINetworkQueue.m; sourceTree = "<group>"; };
		B2815242150BD55400B1E847 /* ASIProgressDelegate.h */ = {isa = PBXFileReference; fileEncoding = 4; lastKnownFileType = sourcecode.c.h; name = ASIProgressDelegate.h; path = HttpRequestTest2/ASIHTTPRequest/ASIProgressDelegate.h; sourceTree = "<group>"; };
		B2815243150BD55400B1E847 /* Reachability.h */ = {isa = PBXFileReference; fileEncoding = 4; lastKnownFileType = sourcecode.c.h; name = Reachability.h; path = HttpRequestTest2/ASIHTTPRequest/Reachability.h; sourceTree = "<group>"; };
		B2815244150BD55400B1E847 /* Reachability.m */ = {isa = PBXFileReference; fileEncoding = 4; lastKnownFileType = sourcecode.c.objc; name = Reachability.m; path = HttpRequestTest2/ASIHTTPRequest/Reachability.m; sourceTree = "<group>"; };
/* End PBXFileReference section */

/* Begin PBXFrameworksBuildPhase section */
		B2815201150BD41300B1E847 /* Frameworks */ = {
			isa = PBXFrameworksBuildPhase;
			buildActionMask = 2147483647;
			files = (
				B281522E150BD50D00B1E847 /* libz.dylib in Frameworks */,
				B281520D150BD41300B1E847 /* CoreGraphics.framework in Frameworks */,
				B281522C150BD4F400B1E847 /* MobileCoreServices.framework in Frameworks */,
				B281522A150BD4E500B1E847 /* SystemConfiguration.framework in Frameworks */,
				B2815228150BD4D700B1E847 /* CFNetwork.framework in Frameworks */,
				B2815209150BD41300B1E847 /* UIKit.framework in Frameworks */,
				B281520B150BD41300B1E847 /* Foundation.framework in Frameworks */,
			);
			runOnlyForDeploymentPostprocessing = 0;
		};
/* End PBXFrameworksBuildPhase section */

/* Begin PBXGroup section */
		B28151F9150BD41300B1E847 = {
			isa = PBXGroup;
			children = (
				B281520E150BD41300B1E847 /* HttpRequestTest2 */,
				B2815207150BD41300B1E847 /* Frameworks */,
				B2815205150BD41300B1E847 /* Products */,
			);
			sourceTree = "<group>";
		};
		B2815205150BD41300B1E847 /* Products */ = {
			isa = PBXGroup;
			children = (
				B2815204150BD41300B1E847 /* HttpRequestTest2.app */,
			);
			name = Products;
			sourceTree = "<group>";
		};
		B2815207150BD41300B1E847 /* Frameworks */ = {
			isa = PBXGroup;
			children = (
				B281524E150BD55900B1E847 /* ASIHTTPRequest */,
				B281522D150BD50D00B1E847 /* libz.dylib */,
				B281522B150BD4F400B1E847 /* MobileCoreServices.framework */,
				B2815229150BD4E500B1E847 /* SystemConfiguration.framework */,
				B2815227150BD4D700B1E847 /* CFNetwork.framework */,
				B2815208150BD41300B1E847 /* UIKit.framework */,
				B281520A150BD41300B1E847 /* Foundation.framework */,
				B281520C150BD41300B1E847 /* CoreGraphics.framework */,
			);
			name = Frameworks;
			sourceTree = "<group>";
		};
		B281520E150BD41300B1E847 /* HttpRequestTest2 */ = {
			isa = PBXGroup;
			children = (
				B2815217150BD41300B1E847 /* AppDelegate.h */,
				B2815218150BD41300B1E847 /* AppDelegate.m */,
				B281521A150BD41300B1E847 /* ViewController.h */,
				B281521B150BD41300B1E847 /* ViewController.m */,
				B281521D150BD41300B1E847 /* ViewController.xib */,
				B281520F150BD41300B1E847 /* Supporting Files */,
			);
			path = HttpRequestTest2;
			sourceTree = "<group>";
		};
		B281520F150BD41300B1E847 /* Supporting Files */ = {
			isa = PBXGroup;
			children = (
				B2815210150BD41300B1E847 /* HttpRequestTest2-Info.plist */,
				B2815211150BD41300B1E847 /* InfoPlist.strings */,
				B2815214150BD41300B1E847 /* main.m */,
				B2815216150BD41300B1E847 /* HttpRequestTest2-Prefix.pch */,
			);
			name = "Supporting Files";
			sourceTree = "<group>";
		};
		B281524E150BD55900B1E847 /* ASIHTTPRequest */ = {
			isa = PBXGroup;
			children = (
				B281522F150BD55400B1E847 /* ASIAuthenticationDialog.h */,
				B2815230150BD55400B1E847 /* ASIAuthenticationDialog.m */,
				B2815231150BD55400B1E847 /* ASICacheDelegate.h */,
				B2815232150BD55400B1E847 /* ASIDataCompressor.h */,
				B2815233150BD55400B1E847 /* ASIDataCompressor.m */,
				B2815234150BD55400B1E847 /* ASIDataDecompressor.h */,
				B2815235150BD55400B1E847 /* ASIDataDecompressor.m */,
				B2815236150BD55400B1E847 /* ASIDownloadCache.h */,
				B2815237150BD55400B1E847 /* ASIDownloadCache.m */,
				B2815238150BD55400B1E847 /* ASIFormDataRequest.h */,
				B2815239150BD55400B1E847 /* ASIFormDataRequest.m */,
				B281523A150BD55400B1E847 /* ASIHTTPRequest.h */,
				B281523B150BD55400B1E847 /* ASIHTTPRequest.m */,
				B281523C150BD55400B1E847 /* ASIHTTPRequestConfig.h */,
				B281523D150BD55400B1E847 /* ASIHTTPRequestDelegate.h */,
				B281523E150BD55400B1E847 /* ASIInputStream.h */,
				B281523F150BD55400B1E847 /* ASIInputStream.m */,
				B2815240150BD55400B1E847 /* ASINetworkQueue.h */,
				B2815241150BD55400B1E847 /* ASINetworkQueue.m */,
				B2815242150BD55400B1E847 /* ASIProgressDelegate.h */,
				B2815243150BD55400B1E847 /* Reachability.h */,
				B2815244150BD55400B1E847 /* Reachability.m */,
			);
			name = ASIHTTPRequest;
			sourceTree = "<group>";
		};
/* End PBXGroup section */

/* Begin PBXNativeTarget section */
		B2815203150BD41300B1E847 /* HttpRequestTest2 */ = {
			isa = PBXNativeTarget;
			buildConfigurationList = B2815222150BD41300B1E847 /* Build configuration list for PBXNativeTarget "HttpRequestTest2" */;
			buildPhases = (
				B2815200150BD41300B1E847 /* Sources */,
				B2815201150BD41300B1E847 /* Frameworks */,
				B2815202150BD41300B1E847 /* Resources */,
			);
			buildRules = (
			);
			dependencies = (
			);
			name = HttpRequestTest2;
			productName = HttpRequestTest2;
			productReference = B2815204150BD41300B1E847 /* HttpRequestTest2.app */;
			productType = "com.apple.product-type.application";
		};
/* End PBXNativeTarget section */

/* Begin PBXProject section */
		B28151FB150BD41300B1E847 /* Project object */ = {
			isa = PBXProject;
			attributes = {
				LastUpgradeCheck = 0420;
			};
			buildConfigurationList = B28151FE150BD41300B1E847 /* Build configuration list for PBXProject "HttpRequestTest2" */;
			compatibilityVersion = "Xcode 3.2";
			developmentRegion = English;
			hasScannedForEncodings = 0;
			knownRegions = (
				en,
			);
			mainGroup = B28151F9150BD41300B1E847;
			productRefGroup = B2815205150BD41300B1E847 /* Products */;
			projectDirPath = "";
			projectRoot = "";
			targets = (
				B2815203150BD41300B1E847 /* HttpRequestTest2 */,
			);
		};
/* End PBXProject section */

/* Begin PBXResourcesBuildPhase section */
		B2815202150BD41300B1E847 /* Resources */ = {
			isa = PBXResourcesBuildPhase;
			buildActionMask = 2147483647;
			files = (
				B2815213150BD41300B1E847 /* InfoPlist.strings in Resources */,
				B281521F150BD41300B1E847 /* ViewController.xib in Resources */,
			);
			runOnlyForDeploymentPostprocessing = 0;
		};
/* End PBXResourcesBuildPhase section */

/* Begin PBXSourcesBuildPhase section */
		B2815200150BD41300B1E847 /* Sources */ = {
			isa = PBXSourcesBuildPhase;
			buildActionMask = 2147483647;
			files = (
				B2815215150BD41300B1E847 /* main.m in Sources */,
				B2815219150BD41300B1E847 /* AppDelegate.m in Sources */,
				B281521C150BD41300B1E847 /* ViewController.m in Sources */,
				B2815245150BD55400B1E847 /* ASIAuthenticationDialog.m in Sources */,
				B2815246150BD55400B1E847 /* ASIDataCompressor.m in Sources */,
				B2815247150BD55400B1E847 /* ASIDataDecompressor.m in Sources */,
				B2815248150BD55400B1E847 /* ASIDownloadCache.m in Sources */,
				B2815249150BD55400B1E847 /* ASIFormDataRequest.m in Sources */,
				B281524A150BD55400B1E847 /* ASIHTTPRequest.m in Sources */,
				B281524B150BD55400B1E847 /* ASIInputStream.m in Sources */,
				B281524C150BD55400B1E847 /* ASINetworkQueue.m in Sources */,
				B281524D150BD55400B1E847 /* Reachability.m in Sources */,
			);
			runOnlyForDeploymentPostprocessing = 0;
		};
/* End PBXSourcesBuildPhase section */

/* Begin PBXVariantGroup section */
		B2815211150BD41300B1E847 /* InfoPlist.strings */ = {
			isa = PBXVariantGroup;
			children = (
				B2815212150BD41300B1E847 /* en */,
			);
			name = InfoPlist.strings;
			sourceTree = "<group>";
		};
		B281521D150BD41300B1E847 /* ViewController.xib */ = {
			isa = PBXVariantGroup;
			children = (
				B281521E150BD41300B1E847 /* en */,
			);
			name = ViewController.xib;
			sourceTree = "<group>";
		};
/* End PBXVariantGroup section */

/* Begin XCBuildConfiguration section */
		B2815220150BD41300B1E847 /* Debug */ = {
			isa = XCBuildConfiguration;
			buildSettings = {
				ALWAYS_SEARCH_USER_PATHS = NO;
				ARCHS = "$(ARCHS_STANDARD_32_BIT)";
				"CODE_SIGN_IDENTITY[sdk=iphoneos*]" = "iPhone Developer";
				COPY_PHASE_STRIP = NO;
				GCC_C_LANGUAGE_STANDARD = gnu99;
				GCC_DYNAMIC_NO_PIC = NO;
				GCC_OPTIMIZATION_LEVEL = 0;
				GCC_PREPROCESSOR_DEFINITIONS = (
					"DEBUG=1",
					"$(inherited)",
				);
				GCC_SYMBOLS_PRIVATE_EXTERN = NO;
				GCC_VERSION = com.apple.compilers.llvm.clang.1_0;
				GCC_WARN_ABOUT_MISSING_PROTOTYPES = YES;
				GCC_WARN_ABOUT_RETURN_TYPE = YES;
				GCC_WARN_UNUSED_VARIABLE = YES;
				IPHONEOS_DEPLOYMENT_TARGET = 5.0;
				SDKROOT = iphoneos;
			};
			name = Debug;
		};
		B2815221150BD41300B1E847 /* Release */ = {
			isa = XCBuildConfiguration;
			buildSettings = {
				ALWAYS_SEARCH_USER_PATHS = NO;
				ARCHS = "$(ARCHS_STANDARD_32_BIT)";
				"CODE_SIGN_IDENTITY[sdk=iphoneos*]" = "iPhone Developer";
				COPY_PHASE_STRIP = YES;
				GCC_C_LANGUAGE_STANDARD = gnu99;
				GCC_VERSION = com.apple.compilers.llvm.clang.1_0;
				GCC_WARN_ABOUT_MISSING_PROTOTYPES = YES;
				GCC_WARN_ABOUT_RETURN_TYPE = YES;
				GCC_WARN_UNUSED_VARIABLE = YES;
				IPHONEOS_DEPLOYMENT_TARGET = 5.0;
				OTHER_CFLAGS = "-DNS_BLOCK_ASSERTIONS=1";
				SDKROOT = iphoneos;
				VALIDATE_PRODUCT = YES;
			};
			name = Release;
		};
		B2815223150BD41300B1E847 /* Debug */ = {
			isa = XCBuildConfiguration;
			buildSettings = {
				GCC_PRECOMPILE_PREFIX_HEADER = YES;
				GCC_PREFIX_HEADER = "HttpRequestTest2/HttpRequestTest2-Prefix.pch";
				INFOPLIST_FILE = "HttpRequestTest2/HttpRequestTest2-Info.plist";
				PRODUCT_NAME = "$(TARGET_NAME)";
				WRAPPER_EXTENSION = app;
			};
			name = Debug;
		};
		B2815224150BD41300B1E847 /* Release */ = {
			isa = XCBuildConfiguration;
			buildSettings = {
				GCC_PRECOMPILE_PREFIX_HEADER = YES;
				GCC_PREFIX_HEADER = "HttpRequestTest2/HttpRequestTest2-Prefix.pch";
				INFOPLIST_FILE = "HttpRequestTest2/HttpRequestTest2-Info.plist";
				PRODUCT_NAME = "$(TARGET_NAME)";
				WRAPPER_EXTENSION = app;
			};
			name = Release;
		};
/* End XCBuildConfiguration section */

/* Begin XCConfigurationList section */
		B28151FE150BD41300B1E847 /* Build configuration list for PBXProject "HttpRequestTest2" */ = {
			isa = XCConfigurationList;
			buildConfigurations = (
				B2815220150BD41300B1E847 /* Debug */,
				B2815221150BD41300B1E847 /* Release */,
			);
			defaultConfigurationIsVisible = 0;
			defaultConfigurationName = Release;
		};
		B2815222150BD41300B1E847 /* Build configuration list for PBXNativeTarget "HttpRequestTest2" */ = {
			isa = XCConfigurationList;
			buildConfigurations = (
				B2815223150BD41300B1E847 /* Debug */,
				B2815224150BD41300B1E847 /* Release */,
			);
			defaultConfigurationIsVisible = 0;
		};
/* End XCConfigurationList section */
	};
	rootObject = B28151FB150BD41300B1E847 /* Project object */;
}
